
Microsoft Visual Studio Solution File, Format Version 12.00
# Visual Studio Version 16
VisualStudioVersion = 16.0.31729.503
MinimumVisualStudioVersion = 10.0.40219.1
Project("{FAE04EC0-301F-11D3-BF4B-00C04F79EFBC}") = "MartApplication", "MartApplication\MartApplication.csproj", "{32DF0F4C-2507-44C1-A6F4-1A0C599559FD}"
EndProject
Global
	GlobalSection(SolutionConfigurationPlatforms) = preSolution
		Debug|Any CPU = Debug|Any CPU
		Release|Any CPU = Release|Any CPU
	EndGlobalSection
	GlobalSection(ProjectConfigurationPlatforms) = postSolution
		{32DF0F4C-2507-44C1-A6F4-1A0C599559FD}.Debug|Any CPU.ActiveCfg = Debug|Any CPU
		{32DF0F4C-2507-44C1-A6F4-1A0C599559FD}.Debug|Any CPU.Build.0 = Debug|Any CPU
		{32DF0F4C-2507-44C1-A6F4-1A0C599559FD}.Release|Any CPU.ActiveCfg = Release|Any CPU
		{32DF0F4C-2507-44C1-A6F4-1A0C599559FD}.Release|Any CPU.Build.0 = Release|Any CPU
	EndGlobalSection
	GlobalSection(SolutionProperties) = preSolution
		HideSolutionNode = FALSE
	EndGlobalSection
	GlobalSection(ExtensibilityGlobals) = postSolution
		SolutionGuid = {FBFC0102-F7E8-4996-B300-30229215260D}
	EndGlobalSection
EndGlobal
